
Microsoft Visual Studio Solution File, Format Version 12.00
# Visual Studio 15
VisualStudioVersion = 15.0.27130.2010
MinimumVisualStudioVersion = 10.0.40219.1
Project("{FAE04EC0-301F-11D3-BF4B-00C04F79EFBC}") = "WebPractica3", "WebPractica3\WebPractica3.csproj", "{7D644895-EBD5-4430-86E2-D8F7343905B9}"
EndProject
Global
	GlobalSection(SolutionConfigurationPlatforms) = preSolution
		Debug|Any CPU = Debug|Any CPU
		Release|Any CPU = Release|Any CPU
	EndGlobalSection
	GlobalSection(ProjectConfigurationPlatforms) = postSolution
		{7D644895-EBD5-4430-86E2-D8F7343905B9}.Debug|Any CPU.ActiveCfg = Debug|Any CPU
		{7D644895-EBD5-4430-86E2-D8F7343905B9}.Debug|Any CPU.Build.0 = Debug|Any CPU
		{7D644895-EBD5-4430-86E2-D8F7343905B9}.Release|Any CPU.ActiveCfg = Release|Any CPU
		{7D644895-EBD5-4430-86E2-D8F7343905B9}.Release|Any CPU.Build.0 = Release|Any CPU
	EndGlobalSection
	GlobalSection(SolutionProperties) = preSolution
		HideSolutionNode = FALSE
	EndGlobalSection
	GlobalSection(ExtensibilityGlobals) = postSolution
		SolutionGuid = {D709B59A-C1F3-44CA-A333-7056895113B1}
	EndGlobalSection
EndGlobal
